// !$*UTF8*$!
{
	archiveVersion = 1;
	classes = {
	};
	objectVersion = 46;
	objects = {

/* Begin PBXBuildFile section */
		2D42080C18BC3BD5003D98CF /* Foundation.framework in Frameworks */ = {isa = PBXBuildFile; fileRef = 2D42080B18BC3BD5003D98CF /* Foundation.framework */; };
		2D42080E18BC3BD5003D98CF /* CoreGraphics.framework in Frameworks */ = {isa = PBXBuildFile; fileRef = 2D42080D18BC3BD5003D98CF /* CoreGraphics.framework */; };
		2D42081018BC3BD5003D98CF /* UIKit.framework in Frameworks */ = {isa = PBXBuildFile; fileRef = 2D42080F18BC3BD5003D98CF /* UIKit.framework */; };
		2D42081618BC3BD5003D98CF /* InfoPlist.strings in Resources */ = {isa = PBXBuildFile; fileRef = 2D42081418BC3BD5003D98CF /* InfoPlist.strings */; };
		2D42081818BC3BD5003D98CF /* main.m in Sources */ = {isa = PBXBuildFile; fileRef = 2D42081718BC3BD5003D98CF /* main.m */; };
		2D42081C18BC3BD5003D98CF /* AppDelegate.m in Sources */ = {isa = PBXBuildFile; fileRef = 2D42081B18BC3BD5003D98CF /* AppDelegate.m */; };
		2D42081F18BC3BD5003D98CF /* Main.storyboard in Resources */ = {isa = PBXBuildFile; fileRef = 2D42081D18BC3BD5003D98CF /* Main.storyboard */; };
		2D42082218BC3BD5003D98CF /* MasterViewController.m in Sources */ = {isa = PBXBuildFile; fileRef = 2D42082118BC3BD5003D98CF /* MasterViewController.m */; };
		2D42082518BC3BD5003D98CF /* DetailViewController.m in Sources */ = {isa = PBXBuildFile; fileRef = 2D42082418BC3BD5003D98CF /* DetailViewController.m */; };
		2D42082E18BC3BD5003D98CF /* XCTest.framework in Frameworks */ = {isa = PBXBuildFile; fileRef = 2D42082D18BC3BD5003D98CF /* XCTest.framework */; };
		2D42082F18BC3BD5003D98CF /* Foundation.framework in Frameworks */ = {isa = PBXBuildFile; fileRef = 2D42080B18BC3BD5003D98CF /* Foundation.framework */; };
		2D42083018BC3BD5003D98CF /* UIKit.framework in Frameworks */ = {isa = PBXBuildFile; fileRef = 2D42080F18BC3BD5003D98CF /* UIKit.framework */; };
		2D42083818BC3BD5003D98CF /* InfoPlist.strings in Resources */ = {isa = PBXBuildFile; fileRef = 2D42083618BC3BD5003D98CF /* InfoPlist.strings */; };
		2D42083A18BC3BD5003D98CF /* ScaryBugsTests.m in Sources */ = {isa = PBXBuildFile; fileRef = 2D42083918BC3BD5003D98CF /* ScaryBugsTests.m */; };
		2D42084718BC3D29003D98CF /* ScaryBugsData.m in Sources */ = {isa = PBXBuildFile; fileRef = 2D42084618BC3D29003D98CF /* ScaryBugsData.m */; };
		2D42084A18BC40BC003D98CF /* ScaryBugDoc.m in Sources */ = {isa = PBXBuildFile; fileRef = 2D42084918BC40BC003D98CF /* ScaryBugDoc.m */; };
		2D42085418BC483D003D98CF /* attribution.txt in Resources */ = {isa = PBXBuildFile; fileRef = 2D42084B18BC483D003D98CF /* attribution.txt */; };
		2D42085518BC483D003D98CF /* centipede.jpg in Resources */ = {isa = PBXBuildFile; fileRef = 2D42084C18BC483D003D98CF /* centipede.jpg */; };
		2D42085618BC483D003D98CF /* centipedeThumb.jpg in Resources */ = {isa = PBXBuildFile; fileRef = 2D42084D18BC483D003D98CF /* centipedeThumb.jpg */; };
		2D42085718BC483D003D98CF /* ladybug.jpg in Resources */ = {isa = PBXBuildFile; fileRef = 2D42084E18BC483D003D98CF /* ladybug.jpg */; };
		2D42085818BC483D003D98CF /* ladybugThumb.jpg in Resources */ = {isa = PBXBuildFile; fileRef = 2D42084F18BC483D003D98CF /* ladybugThumb.jpg */; };
		2D42085918BC483D003D98CF /* potatoBug.jpg in Resources */ = {isa = PBXBuildFile; fileRef = 2D42085018BC483D003D98CF /* potatoBug.jpg */; };
		2D42085A18BC483D003D98CF /* potatoBugThumb.jpg in Resources */ = {isa = PBXBuildFile; fileRef = 2D42085118BC483D003D98CF /* potatoBugThumb.jpg */; };
		2D42085B18BC483D003D98CF /* wolfSpider.jpg in Resources */ = {isa = PBXBuildFile; fileRef = 2D42085218BC483D003D98CF /* wolfSpider.jpg */; };
		2D42085C18BC483D003D98CF /* wolfSpiderThumb.jpg in Resources */ = {isa = PBXBuildFile; fileRef = 2D42085318BC483D003D98CF /* wolfSpiderThumb.jpg */; };
		2D42086018BC4A10003D98CF /* RateView.m in Sources */ = {isa = PBXBuildFile; fileRef = 2D42085F18BC4A10003D98CF /* RateView.m */; };
		2D42086518BC4ACE003D98CF /* UIImageExtras.m in Sources */ = {isa = PBXBuildFile; fileRef = 2D42086418BC4ACE003D98CF /* UIImageExtras.m */; };
		2D42086918BC4AD6003D98CF /* shockedface2_empty.png in Resources */ = {isa = PBXBuildFile; fileRef = 2D42086618BC4AD6003D98CF /* shockedface2_empty.png */; };
		2D42086A18BC4AD6003D98CF /* shockedface2_full.png in Resources */ = {isa = PBXBuildFile; fileRef = 2D42086718BC4AD6003D98CF /* shockedface2_full.png */; };
		2D42086B18BC4AD6003D98CF /* shockedface2_half.png in Resources */ = {isa = PBXBuildFile; fileRef = 2D42086818BC4AD6003D98CF /* shockedface2_half.png */; };
		2D42086E18BC7952003D98CF /* Images.xcassets in Resources */ = {isa = PBXBuildFile; fileRef = 2D42082618BC3BD5003D98CF /* Images.xcassets */; };
		2D42087818BC82E7003D98CF /* icon_120x120.png in Resources */ = {isa = PBXBuildFile; fileRef = 2D42087718BC82E7003D98CF /* icon_120x120.png */; };
		2D42087A18BC8413003D98CF /* Default.png in Resources */ = {isa = PBXBuildFile; fileRef = 2D42087918BC8413003D98CF /* Default.png */; };
/* End PBXBuildFile section */

/* Begin PBXContainerItemProxy section */
		2D42083118BC3BD5003D98CF /* PBXContainerItemProxy */ = {
			isa = PBXContainerItemProxy;
			containerPortal = 2D42080018BC3BD5003D98CF /* Project object */;
			proxyType = 1;
			remoteGlobalIDString = 2D42080718BC3BD5003D98CF;
			remoteInfo = ScaryBugs;
		};
/* End PBXContainerItemProxy section */

/* Begin PBXFileReference section */
		2D42080818BC3BD5003D98CF /* ScaryBugs.app */ = {isa = PBXFileReference; explicitFileType = wrapper.application; includeInIndex = 0; path = ScaryBugs.app; sourceTree = BUILT_PRODUCTS_DIR; };
		2D42080B18BC3BD5003D98CF /* Foundation.framework */ = {isa = PBXFileReference; lastKnownFileType = wrapper.framework; name = Foundation.framework; path = System/Library/Frameworks/Foundation.framework; sourceTree = SDKROOT; };
		2D42080D18BC3BD5003D98CF /* CoreGraphics.framework */ = {isa = PBXFileReference; lastKnownFileType = wrapper.framework; name = CoreGraphics.framework; path = System/Library/Frameworks/CoreGraphics.framework; sourceTree = SDKROOT; };
		2D42080F18BC3BD5003D98CF /* UIKit.framework */ = {isa = PBXFileReference; lastKnownFileType = wrapper.framework; name = UIKit.framework; path = System/Library/Frameworks/UIKit.framework; sourceTree = SDKROOT; };
		2D42081318BC3BD5003D98CF /* ScaryBugs-Info.plist */ = {isa = PBXFileReference; lastKnownFileType = text.plist.xml; path = "ScaryBugs-Info.plist"; sourceTree = "<group>"; };
		2D42081518BC3BD5003D98CF /* en */ = {isa = PBXFileReference; lastKnownFileType = text.plist.strings; name = en; path = en.lproj/InfoPlist.strings; sourceTree = "<group>"; };
		2D42081718BC3BD5003D98CF /* main.m */ = {isa = PBXFileReference; lastKnownFileType = sourcecode.c.objc; path = main.m; sourceTree = "<group>"; };
		2D42081918BC3BD5003D98CF /* ScaryBugs-Prefix.pch */ = {isa = PBXFileReference; lastKnownFileType = sourcecode.c.h; path = "ScaryBugs-Prefix.pch"; sourceTree = "<group>"; };
		2D42081A18BC3BD5003D98CF /* AppDelegate.h */ = {isa = PBXFileReference; lastKnownFileType = sourcecode.c.h; path = AppDelegate.h; sourceTree = "<group>"; };
		2D42081B18BC3BD5003D98CF /* AppDelegate.m */ = {isa = PBXFileReference; lastKnownFileType = sourcecode.c.objc; path = AppDelegate.m; sourceTree = "<group>"; };
		2D42081E18BC3BD5003D98CF /* Base */ = {isa = PBXFileReference; lastKnownFileType = file.storyboard; name = Base; path = Base.lproj/Main.storyboard; sourceTree = "<group>"; };
		2D42082018BC3BD5003D98CF /* MasterViewController.h */ = {isa = PBXFileReference; lastKnownFileType = sourcecode.c.h; path = MasterViewController.h; sourceTree = "<group>"; };
		2D42082118BC3BD5003D98CF /* MasterViewController.m */ = {isa = PBXFileReference; lastKnownFileType = sourcecode.c.objc; path = MasterViewController.m; sourceTree = "<group>"; };
		2D42082318BC3BD5003D98CF /* DetailViewController.h */ = {isa = PBXFileReference; lastKnownFileType = sourcecode.c.h; path = DetailViewController.h; sourceTree = "<group>"; };
		2D42082418BC3BD5003D98CF /* DetailViewController.m */ = {isa = PBXFileReference; lastKnownFileType = sourcecode.c.objc; path = DetailViewController.m; sourceTree = "<group>"; };
		2D42082618BC3BD5003D98CF /* Images.xcassets */ = {isa = PBXFileReference; lastKnownFileType = folder.assetcatalog; path = Images.xcassets; sourceTree = "<group>"; };
		2D42082C18BC3BD5003D98CF /* ScaryBugsTests.xctest */ = {isa = PBXFileReference; explicitFileType = wrapper.cfbundle; includeInIndex = 0; path = ScaryBugsTests.xctest; sourceTree = BUILT_PRODUCTS_DIR; };
		2D42082D18BC3BD5003D98CF /* XCTest.framework */ = {isa = PBXFileReference; lastKnownFileType = wrapper.framework; name = XCTest.framework; path = Library/Frameworks/XCTest.framework; sourceTree = DEVELOPER_DIR; };
		2D42083518BC3BD5003D98CF /* ScaryBugsTests-Info.plist */ = {isa = PBXFileReference; lastKnownFileType = text.plist.xml; path = "ScaryBugsTests-Info.plist"; sourceTree = "<group>"; };
		2D42083718BC3BD5003D98CF /* en */ = {isa = PBXFileReference; lastKnownFileType = text.plist.strings; name = en; path = en.lproj/InfoPlist.strings; sourceTree = "<group>"; };
		2D42083918BC3BD5003D98CF /* ScaryBugsTests.m */ = {isa = PBXFileReference; lastKnownFileType = sourcecode.c.objc; path = ScaryBugsTests.m; sourceTree = "<group>"; };
		2D42084518BC3D29003D98CF /* ScaryBugsData.h */ = {isa = PBXFileReference; fileEncoding = 4; lastKnownFileType = sourcecode.c.h; path = ScaryBugsData.h; sourceTree = "<group>"; };
		2D42084618BC3D29003D98CF /* ScaryBugsData.m */ = {isa = PBXFileReference; fileEncoding = 4; lastKnownFileType = sourcecode.c.objc; path = ScaryBugsData.m; sourceTree = "<group>"; };
		2D42084818BC40BC003D98CF /* ScaryBugDoc.h */ = {isa = PBXFileReference; fileEncoding = 4; lastKnownFileType = sourcecode.c.h; path = ScaryBugDoc.h; sourceTree = "<group>"; };
		2D42084918BC40BC003D98CF /* ScaryBugDoc.m */ = {isa = PBXFileReference; fileEncoding = 4; lastKnownFileType = sourcecode.c.objc; path = ScaryBugDoc.m; sourceTree = "<group>"; };
		2D42084B18BC483D003D98CF /* attribution.txt */ = {isa = PBXFileReference; fileEncoding = 4; lastKnownFileType = text; path = attribution.txt; sourceTree = "<group>"; };
		2D42084C18BC483D003D98CF /* centipede.jpg */ = {isa = PBXFileReference; lastKnownFileType = image.jpeg; path = centipede.jpg; sourceTree = "<group>"; };
		2D42084D18BC483D003D98CF /* centipedeThumb.jpg */ = {isa = PBXFileReference; lastKnownFileType = image.jpeg; path = centipedeThumb.jpg; sourceTree = "<group>"; };
		2D42084E18BC483D003D98CF /* ladybug.jpg */ = {isa = PBXFileReference; lastKnownFileType = image.jpeg; path = ladybug.jpg; sourceTree = "<group>"; };
		2D42084F18BC483D003D98CF /* ladybugThumb.jpg */ = {isa = PBXFileReference; lastKnownFileType = image.jpeg; path = ladybugThumb.jpg; sourceTree = "<group>"; };
		2D42085018BC483D003D98CF /* potatoBug.jpg */ = {isa = PBXFileReference; lastKnownFileType = image.jpeg; path = potatoBug.jpg; sourceTree = "<group>"; };
		2D42085118BC483D003D98CF /* potatoBugThumb.jpg */ = {isa = PBXFileReference; lastKnownFileType = image.jpeg; path = potatoBugThumb.jpg; sourceTree = "<group>"; };
		2D42085218BC483D003D98CF /* wolfSpider.jpg */ = {isa = PBXFileReference; lastKnownFileType = image.jpeg; path = wolfSpider.jpg; sourceTree = "<group>"; };
		2D42085318BC483D003D98CF /* wolfSpiderThumb.jpg */ = {isa = PBXFileReference; lastKnownFileType = image.jpeg; path = wolfSpiderThumb.jpg; sourceTree = "<group>"; };
		2D42085E18BC4A10003D98CF /* RateView.h */ = {isa = PBXFileReference; fileEncoding = 4; lastKnownFileType = sourcecode.c.h; path = RateView.h; sourceTree = "<group>"; };
		2D42085F18BC4A10003D98CF /* RateView.m */ = {isa = PBXFileReference; fileEncoding = 4; lastKnownFileType = sourcecode.c.objc; path = RateView.m; sourceTree = "<group>"; };
		2D42086318BC4ACE003D98CF /* UIImageExtras.h */ = {isa = PBXFileReference; fileEncoding = 4; lastKnownFileType = sourcecode.c.h; path = UIImageExtras.h; sourceTree = "<group>"; };
		2D42086418BC4ACE003D98CF /* UIImageExtras.m */ = {isa = PBXFileReference; fileEncoding = 4; lastKnownFileType = sourcecode.c.objc; path = UIImageExtras.m; sourceTree = "<group>"; };
		2D42086618BC4AD6003D98CF /* shockedface2_empty.png */ = {isa = PBXFileReference; lastKnownFileType = image.png; path = shockedface2_empty.png; sourceTree = "<group>"; };
		2D42086718BC4AD6003D98CF /* shockedface2_full.png */ = {isa = PBXFileReference; lastKnownFileType = image.png; path = shockedface2_full.png; sourceTree = "<group>"; };
		2D42086818BC4AD6003D98CF /* shockedface2_half.png */ = {isa = PBXFileReference; lastKnownFileType = image.png; path = shockedface2_half.png; sourceTree = "<group>"; };
		2D42087718BC82E7003D98CF /* icon_120x120.png */ = {isa = PBXFileReference; lastKnownFileType = image.png; path = icon_120x120.png; sourceTree = "<group>"; };
		2D42087918BC8413003D98CF /* Default.png */ = {isa = PBXFileReference; lastKnownFileType = image.png; path = Default.png; sourceTree = "<group>"; };
/* End PBXFileReference section */

/* Begin PBXFrameworksBuildPhase section */
		2D42080518BC3BD5003D98CF /* Frameworks */ = {
			isa = PBXFrameworksBuildPhase;
			buildActionMask = 2147483647;
			files = (
				2D42080E18BC3BD5003D98CF /* CoreGraphics.framework in Frameworks */,
				2D42081018BC3BD5003D98CF /* UIKit.framework in Frameworks */,
				2D42080C18BC3BD5003D98CF /* Foundation.framework in Frameworks */,
			);
			runOnlyForDeploymentPostprocessing = 0;
		};
		2D42082918BC3BD5003D98CF /* Frameworks */ = {
			isa = PBXFrameworksBuildPhase;
			buildActionMask = 2147483647;
			files = (
				2D42082E18BC3BD5003D98CF /* XCTest.framework in Frameworks */,
				2D42083018BC3BD5003D98CF /* UIKit.framework in Frameworks */,
				2D42082F18BC3BD5003D98CF /* Foundation.framework in Frameworks */,
			);
			runOnlyForDeploymentPostprocessing = 0;
		};
/* End PBXFrameworksBuildPhase section */

/* Begin PBXGroup section */
		2D4207FF18BC3BD5003D98CF = {
			isa = PBXGroup;
			children = (
				2D42081118BC3BD5003D98CF /* ScaryBugs */,
				2D42083318BC3BD5003D98CF /* ScaryBugsTests */,
				2D42080A18BC3BD5003D98CF /* Frameworks */,
				2D42080918BC3BD5003D98CF /* Products */,
			);
			sourceTree = "<group>";
		};
		2D42080918BC3BD5003D98CF /* Products */ = {
			isa = PBXGroup;
			children = (
				2D42080818BC3BD5003D98CF /* ScaryBugs.app */,
				2D42082C18BC3BD5003D98CF /* ScaryBugsTests.xctest */,
			);
			name = Products;
			sourceTree = "<group>";
		};
		2D42080A18BC3BD5003D98CF /* Frameworks */ = {
			isa = PBXGroup;
			children = (
				2D42080B18BC3BD5003D98CF /* Foundation.framework */,
				2D42080D18BC3BD5003D98CF /* CoreGraphics.framework */,
				2D42080F18BC3BD5003D98CF /* UIKit.framework */,
				2D42082D18BC3BD5003D98CF /* XCTest.framework */,
			);
			name = Frameworks;
			sourceTree = "<group>";
		};
		2D42081118BC3BD5003D98CF /* ScaryBugs */ = {
			isa = PBXGroup;
			children = (
				2D42086218BC4AA0003D98CF /* Art */,
				2D42086118BC4A95003D98CF /* Helpers */,
				2D42085D18BC49E6003D98CF /* Views */,
				2D42084418BC3CE4003D98CF /* Model */,
				2D42084318BC3CBA003D98CF /* GUI */,
				2D42081218BC3BD5003D98CF /* Supporting Files */,
			);
			path = ScaryBugs;
			sourceTree = "<group>";
		};
		2D42081218BC3BD5003D98CF /* Supporting Files */ = {
			isa = PBXGroup;
			children = (
				2D42084B18BC483D003D98CF /* attribution.txt */,
				2D42084C18BC483D003D98CF /* centipede.jpg */,
				2D42084D18BC483D003D98CF /* centipedeThumb.jpg */,
				2D42084E18BC483D003D98CF /* ladybug.jpg */,
				2D42084F18BC483D003D98CF /* ladybugThumb.jpg */,
				2D42085018BC483D003D98CF /* potatoBug.jpg */,
				2D42085118BC483D003D98CF /* potatoBugThumb.jpg */,
				2D42085218BC483D003D98CF /* wolfSpider.jpg */,
				2D42085318BC483D003D98CF /* wolfSpiderThumb.jpg */,
				2D42081318BC3BD5003D98CF /* ScaryBugs-Info.plist */,
				2D42081418BC3BD5003D98CF /* InfoPlist.strings */,
				2D42081718BC3BD5003D98CF /* main.m */,
				2D42081918BC3BD5003D98CF /* ScaryBugs-Prefix.pch */,
			);
			name = "Supporting Files";
			sourceTree = "<group>";
		};
		2D42083318BC3BD5003D98CF /* ScaryBugsTests */ = {
			isa = PBXGroup;
			children = (
				2D42083918BC3BD5003D98CF /* ScaryBugsTests.m */,
				2D42083418BC3BD5003D98CF /* Supporting Files */,
			);
			path = ScaryBugsTests;
			sourceTree = "<group>";
		};
		2D42083418BC3BD5003D98CF /* Supporting Files */ = {
			isa = PBXGroup;
			children = (
				2D42083518BC3BD5003D98CF /* ScaryBugsTests-Info.plist */,
				2D42083618BC3BD5003D98CF /* InfoPlist.strings */,
			);
			name = "Supporting Files";
			sourceTree = "<group>";
		};
		2D42084318BC3CBA003D98CF /* GUI */ = {
			isa = PBXGroup;
			children = (
				2D42081A18BC3BD5003D98CF /* AppDelegate.h */,
				2D42081B18BC3BD5003D98CF /* AppDelegate.m */,
				2D42081D18BC3BD5003D98CF /* Main.storyboard */,
				2D42082018BC3BD5003D98CF /* MasterViewController.h */,
				2D42082118BC3BD5003D98CF /* MasterViewController.m */,
				2D42082318BC3BD5003D98CF /* DetailViewController.h */,
				2D42082418BC3BD5003D98CF /* DetailViewController.m */,
				2D42082618BC3BD5003D98CF /* Images.xcassets */,
			);
			name = GUI;
			sourceTree = "<group>";
		};
		2D42084418BC3CE4003D98CF /* Model */ = {
			isa = PBXGroup;
			children = (
				2D42084518BC3D29003D98CF /* ScaryBugsData.h */,
				2D42084618BC3D29003D98CF /* ScaryBugsData.m */,
				2D42084818BC40BC003D98CF /* ScaryBugDoc.h */,
				2D42084918BC40BC003D98CF /* ScaryBugDoc.m */,
			);
			name = Model;
			sourceTree = "<group>";
		};
		2D42085D18BC49E6003D98CF /* Views */ = {
			isa = PBXGroup;
			children = (
				2D42085E18BC4A10003D98CF /* RateView.h */,
				2D42085F18BC4A10003D98CF /* RateView.m */,
			);
			name = Views;
			sourceTree = "<group>";
		};
		2D42086118BC4A95003D98CF /* Helpers */ = {
			isa = PBXGroup;
			children = (
				2D42086318BC4ACE003D98CF /* UIImageExtras.h */,
				2D42086418BC4ACE003D98CF /* UIImageExtras.m */,
			);
			name = Helpers;
			sourceTree = "<group>";
		};
		2D42086218BC4AA0003D98CF /* Art */ = {
			isa = PBXGroup;
			children = (
				2D42086618BC4AD6003D98CF /* shockedface2_empty.png */,
				2D42086718BC4AD6003D98CF /* shockedface2_full.png */,
				2D42086818BC4AD6003D98CF /* shockedface2_half.png */,
				2D42087718BC82E7003D98CF /* icon_120x120.png */,
				2D42087918BC8413003D98CF /* Default.png */,
			);
			name = Art;
			sourceTree = "<group>";
		};
/* End PBXGroup section */

/* Begin PBXNativeTarget section */
		2D42080718BC3BD5003D98CF /* ScaryBugs */ = {
			isa = PBXNativeTarget;
			buildConfigurationList = 2D42083D18BC3BD5003D98CF /* Build configuration list for PBXNativeTarget "ScaryBugs" */;
			buildPhases = (
				2D42080418BC3BD5003D98CF /* Sources */,
				2D42080518BC3BD5003D98CF /* Frameworks */,
				2D42080618BC3BD5003D98CF /* Resources */,
			);
			buildRules = (
			);
			dependencies = (
			);
			name = ScaryBugs;
			productName = ScaryBugs;
			productReference = 2D42080818BC3BD5003D98CF /* ScaryBugs.app */;
			productType = "com.apple.product-type.application";
		};
		2D42082B18BC3BD5003D98CF /* ScaryBugsTests */ = {
			isa = PBXNativeTarget;
			buildConfigurationList = 2D42084018BC3BD5003D98CF /* Build configuration list for PBXNativeTarget "ScaryBugsTests" */;
			buildPhases = (
				2D42082818BC3BD5003D98CF /* Sources */,
				2D42082918BC3BD5003D98CF /* Frameworks */,
				2D42082A18BC3BD5003D98CF /* Resources */,
			);
			buildRules = (
			);
			dependencies = (
				2D42083218BC3BD5003D98CF /* PBXTargetDependency */,
			);
			name = ScaryBugsTests;
			productName = ScaryBugsTests;
			productReference = 2D42082C18BC3BD5003D98CF /* ScaryBugsTests.xctest */;
			productType = "com.apple.product-type.bundle.unit-test";
		};
/* End PBXNativeTarget section */

/* Begin PBXProject section */
		2D42080018BC3BD5003D98CF /* Project object */ = {
			isa = PBXProject;
			attributes = {
				LastUpgradeCheck = 0500;
				ORGANIZATIONNAME = "Jack Yin";
				TargetAttributes = {
					2D42082B18BC3BD5003D98CF = {
						TestTargetID = 2D42080718BC3BD5003D98CF;
					};
				};
			};
			buildConfigurationList = 2D42080318BC3BD5003D98CF /* Build configuration list for PBXProject "ScaryBugs" */;
			compatibilityVersion = "Xcode 3.2";
			developmentRegion = English;
			hasScannedForEncodings = 0;
			knownRegions = (
				en,
				Base,
			);
			mainGroup = 2D4207FF18BC3BD5003D98CF;
			productRefGroup = 2D42080918BC3BD5003D98CF /* Products */;
			projectDirPath = "";
			projectRoot = "";
			targets = (
				2D42080718BC3BD5003D98CF /* ScaryBugs */,
				2D42082B18BC3BD5003D98CF /* ScaryBugsTests */,
			);
		};
/* End PBXProject section */

/* Begin PBXResourcesBuildPhase section */
		2D42080618BC3BD5003D98CF /* Resources */ = {
			isa = PBXResourcesBuildPhase;
			buildActionMask = 2147483647;
			files = (
				2D42085C18BC483D003D98CF /* wolfSpiderThumb.jpg in Resources */,
				2D42086E18BC7952003D98CF /* Images.xcassets in Resources */,
				2D42085718BC483D003D98CF /* ladybug.jpg in Resources */,
				2D42081618BC3BD5003D98CF /* InfoPlist.strings in Resources */,
				2D42085518BC483D003D98CF /* centipede.jpg in Resources */,
				2D42085418BC483D003D98CF /* attribution.txt in Resources */,
				2D42085B18BC483D003D98CF /* wolfSpider.jpg in Resources */,
				2D42085618BC483D003D98CF /* centipedeThumb.jpg in Resources */,
				2D42081F18BC3BD5003D98CF /* Main.storyboard in Resources */,
				2D42087818BC82E7003D98CF /* icon_120x120.png in Resources */,
				2D42085818BC483D003D98CF /* ladybugThumb.jpg in Resources */,
				2D42085A18BC483D003D98CF /* potatoBugThumb.jpg in Resources */,
				2D42085918BC483D003D98CF /* potatoBug.jpg in Resources */,
				2D42086A18BC4AD6003D98CF /* shockedface2_full.png in Resources */,
				2D42086918BC4AD6003D98CF /* shockedface2_empty.png in Resources */,
				2D42087A18BC8413003D98CF /* Default.png in Resources */,
				2D42086B18BC4AD6003D98CF /* shockedface2_half.png in Resources */,
			);
			runOnlyForDeploymentPostprocessing = 0;
		};
		2D42082A18BC3BD5003D98CF /* Resources */ = {
			isa = PBXResourcesBuildPhase;
			buildActionMask = 2147483647;
			files = (
				2D42083818BC3BD5003D98CF /* InfoPlist.strings in Resources */,
			);
			runOnlyForDeploymentPostprocessing = 0;
		};
/* End PBXResourcesBuildPhase section */

/* Begin PBXSourcesBuildPhase section */
		2D42080418BC3BD5003D98CF /* Sources */ = {
			isa = PBXSourcesBuildPhase;
			buildActionMask = 2147483647;
			files = (
				2D42086018BC4A10003D98CF /* RateView.m in Sources */,
				2D42081C18BC3BD5003D98CF /* AppDelegate.m in Sources */,
				2D42086518BC4ACE003D98CF /* UIImageExtras.m in Sources */,
				2D42082218BC3BD5003D98CF /* MasterViewController.m in Sources */,
				2D42081818BC3BD5003D98CF /* main.m in Sources */,
				2D42084718BC3D29003D98CF /* ScaryBugsData.m in Sources */,
				2D42084A18BC40BC003D98CF /* ScaryBugDoc.m in Sources */,
				2D42082518BC3BD5003D98CF /* DetailViewController.m in Sources */,
			);
			runOnlyForDeploymentPostprocessing = 0;
		};
		2D42082818BC3BD5003D98CF /* Sources */ = {
			isa = PBXSourcesBuildPhase;
			buildActionMask = 2147483647;
			files = (
				2D42083A18BC3BD5003D98CF /* ScaryBugsTests.m in Sources */,
			);
			runOnlyForDeploymentPostprocessing = 0;
		};
/* End PBXSourcesBuildPhase section */

/* Begin PBXTargetDependency section */
		2D42083218BC3BD5003D98CF /* PBXTargetDependency */ = {
			isa = PBXTargetDependency;
			target = 2D42080718BC3BD5003D98CF /* ScaryBugs */;
			targetProxy = 2D42083118BC3BD5003D98CF /* PBXContainerItemProxy */;
		};
/* End PBXTargetDependency section */

/* Begin PBXVariantGroup section */
		2D42081418BC3BD5003D98CF /* InfoPlist.strings */ = {
			isa = PBXVariantGroup;
			children = (
				2D42081518BC3BD5003D98CF /* en */,
			);
			name = InfoPlist.strings;
			sourceTree = "<group>";
		};
		2D42081D18BC3BD5003D98CF /* Main.storyboard */ = {
			isa = PBXVariantGroup;
			children = (
				2D42081E18BC3BD5003D98CF /* Base */,
			);
			name = Main.storyboard;
			sourceTree = "<group>";
		};
		2D42083618BC3BD5003D98CF /* InfoPlist.strings */ = {
			isa = PBXVariantGroup;
			children = (
				2D42083718BC3BD5003D98CF /* en */,
			);
			name = InfoPlist.strings;
			sourceTree = "<group>";
		};
/* End PBXVariantGroup section */

/* Begin XCBuildConfiguration section */
		2D42083B18BC3BD5003D98CF /* Debug */ = {
			isa = XCBuildConfiguration;
			buildSettings = {
				ALWAYS_SEARCH_USER_PATHS = NO;
				ARCHS = "$(ARCHS_STANDARD_INCLUDING_64_BIT)";
				CLANG_CXX_LANGUAGE_STANDARD = "gnu++0x";
				CLANG_CXX_LIBRARY = "libc++";
				CLANG_ENABLE_MODULES = YES;
				CLANG_ENABLE_OBJC_ARC = YES;
				CLANG_WARN_BOOL_CONVERSION = YES;
				CLANG_WARN_CONSTANT_CONVERSION = YES;
				CLANG_WARN_DIRECT_OBJC_ISA_USAGE = YES_ERROR;
				CLANG_WARN_EMPTY_BODY = YES;
				CLANG_WARN_ENUM_CONVERSION = YES;
				CLANG_WARN_INT_CONVERSION = YES;
				CLANG_WARN_OBJC_ROOT_CLASS = YES_ERROR;
				CLANG_WARN__DUPLICATE_METHOD_MATCH = YES;
				"CODE_SIGN_IDENTITY[sdk=iphoneos*]" = "iPhone Developer";
				COPY_PHASE_STRIP = NO;
				GCC_C_LANGUAGE_STANDARD = gnu99;
				GCC_DYNAMIC_NO_PIC = NO;
				GCC_OPTIMIZATION_LEVEL = 0;
				GCC_PREPROCESSOR_DEFINITIONS = (
					"DEBUG=1",
					"$(inherited)",
				);
				GCC_SYMBOLS_PRIVATE_EXTERN = NO;
				GCC_WARN_64_TO_32_BIT_CONVERSION = YES;
				GCC_WARN_ABOUT_RETURN_TYPE = YES_ERROR;
				GCC_WARN_UNDECLARED_SELECTOR = YES;
				GCC_WARN_UNINITIALIZED_AUTOS = YES;
				GCC_WARN_UNUSED_FUNCTION = YES;
				GCC_WARN_UNUSED_VARIABLE = YES;
				IPHONEOS_DEPLOYMENT_TARGET = 7.0;
				ONLY_ACTIVE_ARCH = YES;
				SDKROOT = iphoneos;
			};
			name = Debug;
		};
		2D42083C18BC3BD5003D98CF /* Release */ = {
			isa = XCBuildConfiguration;
			buildSettings = {
				ALWAYS_SEARCH_USER_PATHS = NO;
				ARCHS = "$(ARCHS_STANDARD_INCLUDING_64_BIT)";
				CLANG_CXX_LANGUAGE_STANDARD = "gnu++0x";
				CLANG_CXX_LIBRARY = "libc++";
				CLANG_ENABLE_MODULES = YES;
				CLANG_ENABLE_OBJC_ARC = YES;
				CLANG_WARN_BOOL_CONVERSION = YES;
				CLANG_WARN_CONSTANT_CONVERSION = YES;
				CLANG_WARN_DIRECT_OBJC_ISA_USAGE = YES_ERROR;
				CLANG_WARN_EMPTY_BODY = YES;
				CLANG_WARN_ENUM_CONVERSION = YES;
				CLANG_WARN_INT_CONVERSION = YES;
				CLANG_WARN_OBJC_ROOT_CLASS = YES_ERROR;
				CLANG_WARN__DUPLICATE_METHOD_MATCH = YES;
				"CODE_SIGN_IDENTITY[sdk=iphoneos*]" = "iPhone Developer";
				COPY_PHASE_STRIP = YES;
				ENABLE_NS_ASSERTIONS = NO;
				GCC_C_LANGUAGE_STANDARD = gnu99;
				GCC_WARN_64_TO_32_BIT_CONVERSION = YES;
				GCC_WARN_ABOUT_RETURN_TYPE = YES_ERROR;
				GCC_WARN_UNDECLARED_SELECTOR = YES;
				GCC_WARN_UNINITIALIZED_AUTOS = YES;
				GCC_WARN_UNUSED_FUNCTION = YES;
				GCC_WARN_UNUSED_VARIABLE = YES;
				IPHONEOS_DEPLOYMENT_TARGET = 7.0;
				SDKROOT = iphoneos;
				VALIDATE_PRODUCT = YES;
			};
			name = Release;
		};
		2D42083E18BC3BD5003D98CF /* Debug */ = {
			isa = XCBuildConfiguration;
			buildSettings = {
				ASSETCATALOG_COMPILER_APPICON_NAME = AppIcon;
				ASSETCATALOG_COMPILER_LAUNCHIMAGE_NAME = LaunchImage;
				GCC_PRECOMPILE_PREFIX_HEADER = YES;
				GCC_PREFIX_HEADER = "ScaryBugs/ScaryBugs-Prefix.pch";
				INFOPLIST_FILE = "ScaryBugs/ScaryBugs-Info.plist";
				IPHONEOS_DEPLOYMENT_TARGET = 7.0;
				PRODUCT_NAME = "$(TARGET_NAME)";
				WRAPPER_EXTENSION = app;
			};
			name = Debug;
		};
		2D42083F18BC3BD5003D98CF /* Release */ = {
			isa = XCBuildConfiguration;
			buildSettings = {
				ASSETCATALOG_COMPILER_APPICON_NAME = AppIcon;
				ASSETCATALOG_COMPILER_LAUNCHIMAGE_NAME = LaunchImage;
				GCC_PRECOMPILE_PREFIX_HEADER = YES;
				GCC_PREFIX_HEADER = "ScaryBugs/ScaryBugs-Prefix.pch";
				INFOPLIST_FILE = "ScaryBugs/ScaryBugs-Info.plist";
				IPHONEOS_DEPLOYMENT_TARGET = 7.0;
				PRODUCT_NAME = "$(TARGET_NAME)";
				WRAPPER_EXTENSION = app;
			};
			name = Release;
		};
		2D42084118BC3BD5003D98CF /* Debug */ = {
			isa = XCBuildConfiguration;
			buildSettings = {
				ARCHS = "$(ARCHS_STANDARD_INCLUDING_64_BIT)";
				BUNDLE_LOADER = "$(BUILT_PRODUCTS_DIR)/ScaryBugs.app/ScaryBugs";
				FRAMEWORK_SEARCH_PATHS = (
					"$(SDKROOT)/Developer/Library/Frameworks",
					"$(inherited)",
					"$(DEVELOPER_FRAMEWORKS_DIR)",
				);
				GCC_PRECOMPILE_PREFIX_HEADER = YES;
				GCC_PREFIX_HEADER = "ScaryBugs/ScaryBugs-Prefix.pch";
				GCC_PREPROCESSOR_DEFINITIONS = (
					"DEBUG=1",
					"$(inherited)",
				);
				INFOPLIST_FILE = "ScaryBugsTests/ScaryBugsTests-Info.plist";
				PRODUCT_NAME = "$(TARGET_NAME)";
				TEST_HOST = "$(BUNDLE_LOADER)";
				WRAPPER_EXTENSION = xctest;
			};
			name = Debug;
		};
		2D42084218BC3BD5003D98CF /* Release */ = {
			isa = XCBuildConfiguration;
			buildSettings = {
				ARCHS = "$(ARCHS_STANDARD_INCLUDING_64_BIT)";
				BUNDLE_LOADER = "$(BUILT_PRODUCTS_DIR)/ScaryBugs.app/ScaryBugs";
				FRAMEWORK_SEARCH_PATHS = (
					"$(SDKROOT)/Developer/Library/Frameworks",
					"$(inherited)",
					"$(DEVELOPER_FRAMEWORKS_DIR)",
				);
				GCC_PRECOMPILE_PREFIX_HEADER = YES;
				GCC_PREFIX_HEADER = "ScaryBugs/ScaryBugs-Prefix.pch";
				INFOPLIST_FILE = "ScaryBugsTests/ScaryBugsTests-Info.plist";
				PRODUCT_NAME = "$(TARGET_NAME)";
				TEST_HOST = "$(BUNDLE_LOADER)";
				WRAPPER_EXTENSION = xctest;
			};
			name = Release;
		};
/* End XCBuildConfiguration section */

/* Begin XCConfigurationList section */
		2D42080318BC3BD5003D98CF /* Build configuration list for PBXProject "ScaryBugs" */ = {
			isa = XCConfigurationList;
			buildConfigurations = (
				2D42083B18BC3BD5003D98CF /* Debug */,
				2D42083C18BC3BD5003D98CF /* Release */,
			);
			defaultConfigurationIsVisible = 0;
			defaultConfigurationName = Release;
		};
		2D42083D18BC3BD5003D98CF /* Build configuration list for PBXNativeTarget "ScaryBugs" */ = {
			isa = XCConfigurationList;
			buildConfigurations = (
				2D42083E18BC3BD5003D98CF /* Debug */,
				2D42083F18BC3BD5003D98CF /* Release */,
			);
			defaultConfigurationIsVisible = 0;
		};
		2D42084018BC3BD5003D98CF /* Build configuration list for PBXNativeTarget "ScaryBugsTests" */ = {
			isa = XCConfigurationList;
			buildConfigurations = (
				2D42084118BC3BD5003D98CF /* Debug */,
				2D42084218BC3BD5003D98CF /* Release */,
			);
			defaultConfigurationIsVisible = 0;
		};
/* End XCConfigurationList section */
	};
	rootObject = 2D42080018BC3BD5003D98CF /* Project object */;
}
